
Microsoft Visual Studio Solution File, Format Version 12.00
# Visual Studio Version 16
VisualStudioVersion = 16.0.34407.143
MinimumVisualStudioVersion = 10.0.40219.1
Project("{FAE04EC0-301F-11D3-BF4B-00C04F79EFBC}") = "BroecklynneMeyer-CPT-206-Assignment-3", "BroecklynneMeyer-CPT-206-Assignment-3.csproj", "{07919A9A-E701-4F52-8E3E-EB1E499EE772}"
EndProject
Project("{FAE04EC0-301F-11D3-BF4B-00C04F79EFBC}") = "BroecklynneMeyer-CPT-206-Assignment3", "..\BroecklynneMeyer-CPT-206-Assignment3\BroecklynneMeyer-CPT-206-Assignment3.csproj", "{5583DEC2-D13B-4C86-A69A-870F2EB0C8B0}"
EndProject
Global
	GlobalSection(SolutionConfigurationPlatforms) = preSolution
		Debug|Any CPU = Debug|Any CPU
		Release|Any CPU = Release|Any CPU
	EndGlobalSection
	GlobalSection(ProjectConfigurationPlatforms) = postSolution
		{07919A9A-E701-4F52-8E3E-EB1E499EE772}.Debug|Any CPU.ActiveCfg = Debug|Any CPU
		{07919A9A-E701-4F52-8E3E-EB1E499EE772}.Debug|Any CPU.Build.0 = Debug|Any CPU
		{07919A9A-E701-4F52-8E3E-EB1E499EE772}.Release|Any CPU.ActiveCfg = Release|Any CPU
		{07919A9A-E701-4F52-8E3E-EB1E499EE772}.Release|Any CPU.Build.0 = Release|Any CPU
		{5583DEC2-D13B-4C86-A69A-870F2EB0C8B0}.Debug|Any CPU.ActiveCfg = Debug|Any CPU
		{5583DEC2-D13B-4C86-A69A-870F2EB0C8B0}.Debug|Any CPU.Build.0 = Debug|Any CPU
		{5583DEC2-D13B-4C86-A69A-870F2EB0C8B0}.Release|Any CPU.ActiveCfg = Release|Any CPU
		{5583DEC2-D13B-4C86-A69A-870F2EB0C8B0}.Release|Any CPU.Build.0 = Release|Any CPU
	EndGlobalSection
	GlobalSection(SolutionProperties) = preSolution
		HideSolutionNode = FALSE
	EndGlobalSection
	GlobalSection(ExtensibilityGlobals) = postSolution
		SolutionGuid = {FA07ADC8-B469-4B30-956F-0BB4C641A1CF}
	EndGlobalSection
EndGlobal
